
Microsoft Visual Studio Solution File, Format Version 12.00
# Visual Studio Version 16
VisualStudioVersion = 16.0.30907.101
MinimumVisualStudioVersion = 10.0.40219.1
Project("{FAE04EC0-301F-11D3-BF4B-00C04F79EFBC}") = "Caesar_Cipher_Program", "Caesar_Cipher_Program\Caesar_Cipher_Program.csproj", "{D6F1586F-B888-4A12-B212-84A37EDDC859}"
EndProject
Global
	GlobalSection(SolutionConfigurationPlatforms) = preSolution
		Debug|Any CPU = Debug|Any CPU
		Release|Any CPU = Release|Any CPU
	EndGlobalSection
	GlobalSection(ProjectConfigurationPlatforms) = postSolution
		{D6F1586F-B888-4A12-B212-84A37EDDC859}.Debug|Any CPU.ActiveCfg = Debug|Any CPU
		{D6F1586F-B888-4A12-B212-84A37EDDC859}.Debug|Any CPU.Build.0 = Debug|Any CPU
		{D6F1586F-B888-4A12-B212-84A37EDDC859}.Release|Any CPU.ActiveCfg = Release|Any CPU
		{D6F1586F-B888-4A12-B212-84A37EDDC859}.Release|Any CPU.Build.0 = Release|Any CPU
	EndGlobalSection
	GlobalSection(SolutionProperties) = preSolution
		HideSolutionNode = FALSE
	EndGlobalSection
	GlobalSection(ExtensibilityGlobals) = postSolution
		SolutionGuid = {4AB9B474-8EF5-4E4B-B9C2-54E6A7CD2354}
	EndGlobalSection
EndGlobal
